
Microsoft Visual Studio Solution File, Format Version 12.00
# Visual Studio Version 17
VisualStudioVersion = 17.7.34202.233
MinimumVisualStudioVersion = 10.0.40219.1
Project("{FAE04EC0-301F-11D3-BF4B-00C04F79EFBC}") = "StudentPL", "StudentPL.csproj", "{2683768E-242F-41EA-8E39-68203433B429}"
EndProject
Global
	GlobalSection(SolutionConfigurationPlatforms) = preSolution
		Debug|Any CPU = Debug|Any CPU
		Release|Any CPU = Release|Any CPU
	EndGlobalSection
	GlobalSection(ProjectConfigurationPlatforms) = postSolution
		{2683768E-242F-41EA-8E39-68203433B429}.Debug|Any CPU.ActiveCfg = Debug|Any CPU
		{2683768E-242F-41EA-8E39-68203433B429}.Debug|Any CPU.Build.0 = Debug|Any CPU
		{2683768E-242F-41EA-8E39-68203433B429}.Release|Any CPU.ActiveCfg = Release|Any CPU
		{2683768E-242F-41EA-8E39-68203433B429}.Release|Any CPU.Build.0 = Release|Any CPU
	EndGlobalSection
	GlobalSection(SolutionProperties) = preSolution
		HideSolutionNode = FALSE
	EndGlobalSection
	GlobalSection(ExtensibilityGlobals) = postSolution
		SolutionGuid = {26A9EC38-D717-45F6-AC74-194F59B8373F}
	EndGlobalSection
EndGlobal
